
Microsoft Visual Studio Solution File, Format Version 12.00
# Visual Studio Version 16
VisualStudioVersion = 16.0.31129.286
MinimumVisualStudioVersion = 10.0.40219.1
Project("{FAE04EC0-301F-11D3-BF4B-00C04F79EFBC}") = "GestaoDeEquipamentosOOP.ConsoleApp", "GestaoDeEquipamentosOOP.ConsoleApp.csproj", "{45C68FD6-9BEA-451C-8747-6A3889FC33DF}"
EndProject
Global
	GlobalSection(SolutionConfigurationPlatforms) = preSolution
		Debug|Any CPU = Debug|Any CPU
		Release|Any CPU = Release|Any CPU
	EndGlobalSection
	GlobalSection(ProjectConfigurationPlatforms) = postSolution
		{45C68FD6-9BEA-451C-8747-6A3889FC33DF}.Debug|Any CPU.ActiveCfg = Debug|Any CPU
		{45C68FD6-9BEA-451C-8747-6A3889FC33DF}.Debug|Any CPU.Build.0 = Debug|Any CPU
		{45C68FD6-9BEA-451C-8747-6A3889FC33DF}.Release|Any CPU.ActiveCfg = Release|Any CPU
		{45C68FD6-9BEA-451C-8747-6A3889FC33DF}.Release|Any CPU.Build.0 = Release|Any CPU
	EndGlobalSection
	GlobalSection(SolutionProperties) = preSolution
		HideSolutionNode = FALSE
	EndGlobalSection
	GlobalSection(ExtensibilityGlobals) = postSolution
		SolutionGuid = {30328BA3-5D7A-4412-8FCE-5E4AA152266B}
	EndGlobalSection
EndGlobal
